{
  "name": "gmail-filter-parser",
  "version": "1.0.0",
  "lockfileVersion": 1,
  "requires": true,
  "dependencies": {
    "@types/nearley": {
      "version": "2.11.1",
      "resolved": "https://smbuild.jfrog.io/artifactory/api/npm/siteminder-npm/@types/nearley/-/nearley-2.11.1.tgz",
      "integrity": "sha1-asP1fADKKAcaF3TsctLkV1DyFCA=",
      "dev": true
    },
    "commander": {
      "version": "2.20.3",
      "resolved": "https://smbuild.jfrog.io/artifactory/api/npm/siteminder-npm/commander/-/commander-2.20.3.tgz",
      "integrity": "sha1-/UhehMA+tIgcIHIrpIA16FMa6zM="
    },
    "discontinuous-range": {
      "version": "1.0.0",
      "resolved": "https://smbuild.jfrog.io/artifactory/api/npm/siteminder-npm/discontinuous-range/-/discontinuous-range-1.0.0.tgz",
      "integrity": "sha1-44Mx8IRLukm5qctxx3FYWqsbxlo="
    },
    "moo": {
      "version": "0.5.1",
      "resolved": "https://smbuild.jfrog.io/artifactory/api/npm/siteminder-npm/moo/-/moo-0.5.1.tgz",
      "integrity": "sha1-eq5/OEubCfYgtqv29067zRtl28Q="
    },
    "nearley": {
      "version": "2.19.4",
      "resolved": "https://smbuild.jfrog.io/artifactory/api/npm/siteminder-npm/nearley/-/nearley-2.19.4.tgz",
      "integrity": "sha1-dRjL3X0Ojgi1+ChBue2wEmI5yLE=",
      "requires": {
        "commander": "^2.19.0",
        "moo": "^0.5.0",
        "railroad-diagrams": "^1.0.0",
        "randexp": "0.4.6",
        "semver": "^5.4.1"
      }
    },
    "railroad-diagrams": {
      "version": "1.0.0",
      "resolved": "https://smbuild.jfrog.io/artifactory/api/npm/siteminder-npm/railroad-diagrams/-/railroad-diagrams-1.0.0.tgz",
      "integrity": "sha1-635iZ1SN3t+4mcG5Dlc3RVnN234="
    },
    "randexp": {
      "version": "0.4.6",
      "resolved": "https://smbuild.jfrog.io/artifactory/api/npm/siteminder-npm/randexp/-/randexp-0.4.6.tgz",
      "integrity": "sha1-6YatXl4x2uE93W97MBmqfIf2DKM=",
      "requires": {
        "discontinuous-range": "1.0.0",
        "ret": "~0.1.10"
      }
    },
    "ret": {
      "version": "0.1.15",
      "resolved": "https://smbuild.jfrog.io/artifactory/api/npm/siteminder-npm/ret/-/ret-0.1.15.tgz",
      "integrity": "sha1-uKSCXVvbH8P29Twrwz+BOIaBx7w="
    },
    "semver": {
      "version": "5.7.1",
      "resolved": "https://smbuild.jfrog.io/artifactory/api/npm/siteminder-npm/semver/-/semver-5.7.1.tgz",
      "integrity": "sha1-qVT5Ma66UI0we78Gnv8MAclhFvc="
    }
  }
}
